// !$*UTF8*$!
{
	archiveVersion = 1;
	classes = {
	};
	objectVersion = 46;
	objects = {

/* Begin PBXBuildFile section */
		88DCCA891E2F2A110011449F /* AppDelegate.swift in Sources */ = {isa = PBXBuildFile; fileRef = 88DCCA881E2F2A110011449F /* AppDelegate.swift */; };
		88DCCA8B1E2F2A110011449F /* ViewController.swift in Sources */ = {isa = PBXBuildFile; fileRef = 88DCCA8A1E2F2A110011449F /* ViewController.swift */; };
		88DCCA8E1E2F2A110011449F /* Main.storyboard in Resources */ = {isa = PBXBuildFile; fileRef = 88DCCA8C1E2F2A110011449F /* Main.storyboard */; };
		88DCCA901E2F2A110011449F /* Assets.xcassets in Resources */ = {isa = PBXBuildFile; fileRef = 88DCCA8F1E2F2A110011449F /* Assets.xcassets */; };
		88DCCA931E2F2A110011449F /* LaunchScreen.storyboard in Resources */ = {isa = PBXBuildFile; fileRef = 88DCCA911E2F2A110011449F /* LaunchScreen.storyboard */; };
		88DCCA9E1E2F2A120011449F /* ScrollViewRyanTests.swift in Sources */ = {isa = PBXBuildFile; fileRef = 88DCCA9D1E2F2A120011449F /* ScrollViewRyanTests.swift */; };
		88DCCAA91E2F2A120011449F /* ScrollViewRyanUITests.swift in Sources */ = {isa = PBXBuildFile; fileRef = 88DCCAA81E2F2A120011449F /* ScrollViewRyanUITests.swift */; };
/* End PBXBuildFile section */

/* Begin PBXContainerItemProxy section */
		88DCCA9A1E2F2A120011449F /* PBXContainerItemProxy */ = {
			isa = PBXContainerItemProxy;
			containerPortal = 88DCCA7D1E2F2A110011449F /* Project object */;
			proxyType = 1;
			remoteGlobalIDString = 88DCCA841E2F2A110011449F;
			remoteInfo = ScrollViewRyan;
		};
		88DCCAA51E2F2A120011449F /* PBXContainerItemProxy */ = {
			isa = PBXContainerItemProxy;
			containerPortal = 88DCCA7D1E2F2A110011449F /* Project object */;
			proxyType = 1;
			remoteGlobalIDString = 88DCCA841E2F2A110011449F;
			remoteInfo = ScrollViewRyan;
		};
/* End PBXContainerItemProxy section */

/* Begin PBXFileReference section */
		88DCCA851E2F2A110011449F /* ScrollViewRyan.app */ = {isa = PBXFileReference; explicitFileType = wrapper.application; includeInIndex = 0; path = ScrollViewRyan.app; sourceTree = BUILT_PRODUCTS_DIR; };
		88DCCA881E2F2A110011449F /* AppDelegate.swift */ = {isa = PBXFileReference; lastKnownFileType = sourcecode.swift; path = AppDelegate.swift; sourceTree = "<group>"; };
		88DCCA8A1E2F2A110011449F /* ViewController.swift */ = {isa = PBXFileReference; lastKnownFileType = sourcecode.swift; path = ViewController.swift; sourceTree = "<group>"; };
		88DCCA8D1E2F2A110011449F /* Base */ = {isa = PBXFileReference; lastKnownFileType = file.storyboard; name = Base; path = Base.lproj/Main.storyboard; sourceTree = "<group>"; };
		88DCCA8F1E2F2A110011449F /* Assets.xcassets */ = {isa = PBXFileReference; lastKnownFileType = folder.assetcatalog; path = Assets.xcassets; sourceTree = "<group>"; };
		88DCCA921E2F2A110011449F /* Base */ = {isa = PBXFileReference; lastKnownFileType = file.storyboard; name = Base; path = Base.lproj/LaunchScreen.storyboard; sourceTree = "<group>"; };
		88DCCA941E2F2A110011449F /* Info.plist */ = {isa = PBXFileReference; lastKnownFileType = text.plist.xml; path = Info.plist; sourceTree = "<group>"; };
		88DCCA991E2F2A120011449F /* ScrollViewRyanTests.xctest */ = {isa = PBXFileReference; explicitFileType = wrapper.cfbundle; includeInIndex = 0; path = ScrollViewRyanTests.xctest; sourceTree = BUILT_PRODUCTS_DIR; };
		88DCCA9D1E2F2A120011449F /* ScrollViewRyanTests.swift */ = {isa = PBXFileReference; lastKnownFileType = sourcecode.swift; path = ScrollViewRyanTests.swift; sourceTree = "<group>"; };
		88DCCA9F1E2F2A120011449F /* Info.plist */ = {isa = PBXFileReference; lastKnownFileType = text.plist.xml; path = Info.plist; sourceTree = "<group>"; };
		88DCCAA41E2F2A120011449F /* ScrollViewRyanUITests.xctest */ = {isa = PBXFileReference; explicitFileType = wrapper.cfbundle; includeInIndex = 0; path = ScrollViewRyanUITests.xctest; sourceTree = BUILT_PRODUCTS_DIR; };
		88DCCAA81E2F2A120011449F /* ScrollViewRyanUITests.swift */ = {isa = PBXFileReference; lastKnownFileType = sourcecode.swift; path = ScrollViewRyanUITests.swift; sourceTree = "<group>"; };
		88DCCAAA1E2F2A120011449F /* Info.plist */ = {isa = PBXFileReference; lastKnownFileType = text.plist.xml; path = Info.plist; sourceTree = "<group>"; };
/* End PBXFileReference section */

/* Begin PBXFrameworksBuildPhase section */
		88DCCA821E2F2A110011449F /* Frameworks */ = {
			isa = PBXFrameworksBuildPhase;
			buildActionMask = 2147483647;
			files = (
			);
			runOnlyForDeploymentPostprocessing = 0;
		};
		88DCCA961E2F2A120011449F /* Frameworks */ = {
			isa = PBXFrameworksBuildPhase;
			buildActionMask = 2147483647;
			files = (
			);
			runOnlyForDeploymentPostprocessing = 0;
		};
		88DCCAA11E2F2A120011449F /* Frameworks */ = {
			isa = PBXFrameworksBuildPhase;
			buildActionMask = 2147483647;
			files = (
			);
			runOnlyForDeploymentPostprocessing = 0;
		};
/* End PBXFrameworksBuildPhase section */

/* Begin PBXGroup section */
		88DCCA7C1E2F2A110011449F = {
			isa = PBXGroup;
			children = (
				88DCCA871E2F2A110011449F /* ScrollViewRyan */,
				88DCCA9C1E2F2A120011449F /* ScrollViewRyanTests */,
				88DCCAA71E2F2A120011449F /* ScrollViewRyanUITests */,
				88DCCA861E2F2A110011449F /* Products */,
			);
			sourceTree = "<group>";
		};
		88DCCA861E2F2A110011449F /* Products */ = {
			isa = PBXGroup;
			children = (
				88DCCA851E2F2A110011449F /* ScrollViewRyan.app */,
				88DCCA991E2F2A120011449F /* ScrollViewRyanTests.xctest */,
				88DCCAA41E2F2A120011449F /* ScrollViewRyanUITests.xctest */,
			);
			name = Products;
			sourceTree = "<group>";
		};
		88DCCA871E2F2A110011449F /* ScrollViewRyan */ = {
			isa = PBXGroup;
			children = (
				88DCCA881E2F2A110011449F /* AppDelegate.swift */,
				88DCCA8A1E2F2A110011449F /* ViewController.swift */,
				88DCCA8C1E2F2A110011449F /* Main.storyboard */,
				88DCCA8F1E2F2A110011449F /* Assets.xcassets */,
				88DCCA911E2F2A110011449F /* LaunchScreen.storyboard */,
				88DCCA941E2F2A110011449F /* Info.plist */,
			);
			path = ScrollViewRyan;
			sourceTree = "<group>";
		};
		88DCCA9C1E2F2A120011449F /* ScrollViewRyanTests */ = {
			isa = PBXGroup;
			children = (
				88DCCA9D1E2F2A120011449F /* ScrollViewRyanTests.swift */,
				88DCCA9F1E2F2A120011449F /* Info.plist */,
			);
			path = ScrollViewRyanTests;
			sourceTree = "<group>";
		};
		88DCCAA71E2F2A120011449F /* ScrollViewRyanUITests */ = {
			isa = PBXGroup;
			children = (
				88DCCAA81E2F2A120011449F /* ScrollViewRyanUITests.swift */,
				88DCCAAA1E2F2A120011449F /* Info.plist */,
			);
			path = ScrollViewRyanUITests;
			sourceTree = "<group>";
		};
/* End PBXGroup section */

/* Begin PBXNativeTarget section */
		88DCCA841E2F2A110011449F /* ScrollViewRyan */ = {
			isa = PBXNativeTarget;
			buildConfigurationList = 88DCCAAD1E2F2A120011449F /* Build configuration list for PBXNativeTarget "ScrollViewRyan" */;
			buildPhases = (
				88DCCA811E2F2A110011449F /* Sources */,
				88DCCA821E2F2A110011449F /* Frameworks */,
				88DCCA831E2F2A110011449F /* Resources */,
			);
			buildRules = (
			);
			dependencies = (
			);
			name = ScrollViewRyan;
			productName = ScrollViewRyan;
			productReference = 88DCCA851E2F2A110011449F /* ScrollViewRyan.app */;
			productType = "com.apple.product-type.application";
		};
		88DCCA981E2F2A120011449F /* ScrollViewRyanTests */ = {
			isa = PBXNativeTarget;
			buildConfigurationList = 88DCCAB01E2F2A120011449F /* Build configuration list for PBXNativeTarget "ScrollViewRyanTests" */;
			buildPhases = (
				88DCCA951E2F2A120011449F /* Sources */,
				88DCCA961E2F2A120011449F /* Frameworks */,
				88DCCA971E2F2A120011449F /* Resources */,
			);
			buildRules = (
			);
			dependencies = (
				88DCCA9B1E2F2A120011449F /* PBXTargetDependency */,
			);
			name = ScrollViewRyanTests;
			productName = ScrollViewRyanTests;
			productReference = 88DCCA991E2F2A120011449F /* ScrollViewRyanTests.xctest */;
			productType = "com.apple.product-type.bundle.unit-test";
		};
		88DCCAA31E2F2A120011449F /* ScrollViewRyanUITests */ = {
			isa = PBXNativeTarget;
			buildConfigurationList = 88DCCAB31E2F2A120011449F /* Build configuration list for PBXNativeTarget "ScrollViewRyanUITests" */;
			buildPhases = (
				88DCCAA01E2F2A120011449F /* Sources */,
				88DCCAA11E2F2A120011449F /* Frameworks */,
				88DCCAA21E2F2A120011449F /* Resources */,
			);
			buildRules = (
			);
			dependencies = (
				88DCCAA61E2F2A120011449F /* PBXTargetDependency */,
			);
			name = ScrollViewRyanUITests;
			productName = ScrollViewRyanUITests;
			productReference = 88DCCAA41E2F2A120011449F /* ScrollViewRyanUITests.xctest */;
			productType = "com.apple.product-type.bundle.ui-testing";
		};
/* End PBXNativeTarget section */

/* Begin PBXProject section */
		88DCCA7D1E2F2A110011449F /* Project object */ = {
			isa = PBXProject;
			attributes = {
				LastSwiftUpdateCheck = 0820;
				LastUpgradeCheck = 0820;
				ORGANIZATIONNAME = Dycode;
				TargetAttributes = {
					88DCCA841E2F2A110011449F = {
						CreatedOnToolsVersion = 8.2;
						ProvisioningStyle = Automatic;
					};
					88DCCA981E2F2A120011449F = {
						CreatedOnToolsVersion = 8.2;
						ProvisioningStyle = Automatic;
						TestTargetID = 88DCCA841E2F2A110011449F;
					};
					88DCCAA31E2F2A120011449F = {
						CreatedOnToolsVersion = 8.2;
						ProvisioningStyle = Automatic;
						TestTargetID = 88DCCA841E2F2A110011449F;
					};
				};
			};
			buildConfigurationList = 88DCCA801E2F2A110011449F /* Build configuration list for PBXProject "ScrollViewRyan" */;
			compatibilityVersion = "Xcode 3.2";
			developmentRegion = English;
			hasScannedForEncodings = 0;
			knownRegions = (
				en,
				Base,
			);
			mainGroup = 88DCCA7C1E2F2A110011449F;
			productRefGroup = 88DCCA861E2F2A110011449F /* Products */;
			projectDirPath = "";
			projectRoot = "";
			targets = (
				88DCCA841E2F2A110011449F /* ScrollViewRyan */,
				88DCCA981E2F2A120011449F /* ScrollViewRyanTests */,
				88DCCAA31E2F2A120011449F /* ScrollViewRyanUITests */,
			);
		};
/* End PBXProject section */

/* Begin PBXResourcesBuildPhase section */
		88DCCA831E2F2A110011449F /* Resources */ = {
			isa = PBXResourcesBuildPhase;
			buildActionMask = 2147483647;
			files = (
				88DCCA931E2F2A110011449F /* LaunchScreen.storyboard in Resources */,
				88DCCA901E2F2A110011449F /* Assets.xcassets in Resources */,
				88DCCA8E1E2F2A110011449F /* Main.storyboard in Resources */,
			);
			runOnlyForDeploymentPostprocessing = 0;
		};
		88DCCA971E2F2A120011449F /* Resources */ = {
			isa = PBXResourcesBuildPhase;
			buildActionMask = 2147483647;
			files = (
			);
			runOnlyForDeploymentPostprocessing = 0;
		};
		88DCCAA21E2F2A120011449F /* Resources */ = {
			isa = PBXResourcesBuildPhase;
			buildActionMask = 2147483647;
			files = (
			);
			runOnlyForDeploymentPostprocessing = 0;
		};
/* End PBXResourcesBuildPhase section */

/* Begin PBXSourcesBuildPhase section */
		88DCCA811E2F2A110011449F /* Sources */ = {
			isa = PBXSourcesBuildPhase;
			buildActionMask = 2147483647;
			files = (
				88DCCA8B1E2F2A110011449F /* ViewController.swift in Sources */,
				88DCCA891E2F2A110011449F /* AppDelegate.swift in Sources */,
			);
			runOnlyForDeploymentPostprocessing = 0;
		};
		88DCCA951E2F2A120011449F /* Sources */ = {
			isa = PBXSourcesBuildPhase;
			buildActionMask = 2147483647;
			files = (
				88DCCA9E1E2F2A120011449F /* ScrollViewRyanTests.swift in Sources */,
			);
			runOnlyForDeploymentPostprocessing = 0;
		};
		88DCCAA01E2F2A120011449F /* Sources */ = {
			isa = PBXSourcesBuildPhase;
			buildActionMask = 2147483647;
			files = (
				88DCCAA91E2F2A120011449F /* ScrollViewRyanUITests.swift in Sources */,
			);
			runOnlyForDeploymentPostprocessing = 0;
		};
/* End PBXSourcesBuildPhase section */

/* Begin PBXTargetDependency section */
		88DCCA9B1E2F2A120011449F /* PBXTargetDependency */ = {
			isa = PBXTargetDependency;
			target = 88DCCA841E2F2A110011449F /* ScrollViewRyan */;
			targetProxy = 88DCCA9A1E2F2A120011449F /* PBXContainerItemProxy */;
		};
		88DCCAA61E2F2A120011449F /* PBXTargetDependency */ = {
			isa = PBXTargetDependency;
			target = 88DCCA841E2F2A110011449F /* ScrollViewRyan */;
			targetProxy = 88DCCAA51E2F2A120011449F /* PBXContainerItemProxy */;
		};
/* End PBXTargetDependency section */

/* Begin PBXVariantGroup section */
		88DCCA8C1E2F2A110011449F /* Main.storyboard */ = {
			isa = PBXVariantGroup;
			children = (
				88DCCA8D1E2F2A110011449F /* Base */,
			);
			name = Main.storyboard;
			sourceTree = "<group>";
		};
		88DCCA911E2F2A110011449F /* LaunchScreen.storyboard */ = {
			isa = PBXVariantGroup;
			children = (
				88DCCA921E2F2A110011449F /* Base */,
			);
			name = LaunchScreen.storyboard;
			sourceTree = "<group>";
		};
/* End PBXVariantGroup section */

/* Begin XCBuildConfiguration section */
		88DCCAAB1E2F2A120011449F /* Debug */ = {
			isa = XCBuildConfiguration;
			buildSettings = {
				ALWAYS_SEARCH_USER_PATHS = NO;
				CLANG_ANALYZER_NONNULL = YES;
				CLANG_CXX_LANGUAGE_STANDARD = "gnu++0x";
				CLANG_CXX_LIBRARY = "libc++";
				CLANG_ENABLE_MODULES = YES;
				CLANG_ENABLE_OBJC_ARC = YES;
				CLANG_WARN_BOOL_CONVERSION = YES;
				CLANG_WARN_CONSTANT_CONVERSION = YES;
				CLANG_WARN_DIRECT_OBJC_ISA_USAGE = YES_ERROR;
				CLANG_WARN_DOCUMENTATION_COMMENTS = YES;
				CLANG_WARN_EMPTY_BODY = YES;
				CLANG_WARN_ENUM_CONVERSION = YES;
				CLANG_WARN_INFINITE_RECURSION = YES;
				CLANG_WARN_INT_CONVERSION = YES;
				CLANG_WARN_OBJC_ROOT_CLASS = YES_ERROR;
				CLANG_WARN_SUSPICIOUS_MOVE = YES;
				CLANG_WARN_UNREACHABLE_CODE = YES;
				CLANG_WARN__DUPLICATE_METHOD_MATCH = YES;
				"CODE_SIGN_IDENTITY[sdk=iphoneos*]" = "iPhone Developer";
				COPY_PHASE_STRIP = NO;
				DEBUG_INFORMATION_FORMAT = dwarf;
				ENABLE_STRICT_OBJC_MSGSEND = YES;
				ENABLE_TESTABILITY = YES;
				GCC_C_LANGUAGE_STANDARD = gnu99;
				GCC_DYNAMIC_NO_PIC = NO;
				GCC_NO_COMMON_BLOCKS = YES;
				GCC_OPTIMIZATION_LEVEL = 0;
				GCC_PREPROCESSOR_DEFINITIONS = (
					"DEBUG=1",
					"$(inherited)",
				);
				GCC_WARN_64_TO_32_BIT_CONVERSION = YES;
				GCC_WARN_ABOUT_RETURN_TYPE = YES_ERROR;
				GCC_WARN_UNDECLARED_SELECTOR = YES;
				GCC_WARN_UNINITIALIZED_AUTOS = YES_AGGRESSIVE;
				GCC_WARN_UNUSED_FUNCTION = YES;
				GCC_WARN_UNUSED_VARIABLE = YES;
				IPHONEOS_DEPLOYMENT_TARGET = 10.2;
				MTL_ENABLE_DEBUG_INFO = YES;
				ONLY_ACTIVE_ARCH = YES;
				SDKROOT = iphoneos;
				SWIFT_ACTIVE_COMPILATION_CONDITIONS = DEBUG;
				SWIFT_OPTIMIZATION_LEVEL = "-Onone";
			};
			name = Debug;
		};
		88DCCAAC1E2F2A120011449F /* Release */ = {
			isa = XCBuildConfiguration;
			buildSettings = {
				ALWAYS_SEARCH_USER_PATHS = NO;
				CLANG_ANALYZER_NONNULL = YES;
				CLANG_CXX_LANGUAGE_STANDARD = "gnu++0x";
				CLANG_CXX_LIBRARY = "libc++";
				CLANG_ENABLE_MODULES = YES;
				CLANG_ENABLE_OBJC_ARC = YES;
				CLANG_WARN_BOOL_CONVERSION = YES;
				CLANG_WARN_CONSTANT_CONVERSION = YES;
				CLANG_WARN_DIRECT_OBJC_ISA_USAGE = YES_ERROR;
				CLANG_WARN_DOCUMENTATION_COMMENTS = YES;
				CLANG_WARN_EMPTY_BODY = YES;
				CLANG_WARN_ENUM_CONVERSION = YES;
				CLANG_WARN_INFINITE_RECURSION = YES;
				CLANG_WARN_INT_CONVERSION = YES;
				CLANG_WARN_OBJC_ROOT_CLASS = YES_ERROR;
				CLANG_WARN_SUSPICIOUS_MOVE = YES;
				CLANG_WARN_UNREACHABLE_CODE = YES;
				CLANG_WARN__DUPLICATE_METHOD_MATCH = YES;
				"CODE_SIGN_IDENTITY[sdk=iphoneos*]" = "iPhone Developer";
				COPY_PHASE_STRIP = NO;
				DEBUG_INFORMATION_FORMAT = "dwarf-with-dsym";
				ENABLE_NS_ASSERTIONS = NO;
				ENABLE_STRICT_OBJC_MSGSEND = YES;
				GCC_C_LANGUAGE_STANDARD = gnu99;
				GCC_NO_COMMON_BLOCKS = YES;
				GCC_WARN_64_TO_32_BIT_CONVERSION = YES;
				GCC_WARN_ABOUT_RETURN_TYPE = YES_ERROR;
				GCC_WARN_UNDECLARED_SELECTOR = YES;
				GCC_WARN_UNINITIALIZED_AUTOS = YES_AGGRESSIVE;
				GCC_WARN_UNUSED_FUNCTION = YES;
				GCC_WARN_UNUSED_VARIABLE = YES;
				IPHONEOS_DEPLOYMENT_TARGET = 10.2;
				MTL_ENABLE_DEBUG_INFO = NO;
				SDKROOT = iphoneos;
				SWIFT_OPTIMIZATION_LEVEL = "-Owholemodule";
				VALIDATE_PRODUCT = YES;
			};
			name = Release;
		};
		88DCCAAE1E2F2A120011449F /* Debug */ = {
			isa = XCBuildConfiguration;
			buildSettings = {
				ASSETCATALOG_COMPILER_APPICON_NAME = AppIcon;
				INFOPLIST_FILE = ScrollViewRyan/Info.plist;
				LD_RUNPATH_SEARCH_PATHS = "$(inherited) @executable_path/Frameworks";
				PRODUCT_BUNDLE_IDENTIFIER = com.Dycode.ScrollViewRyan;
				PRODUCT_NAME = "$(TARGET_NAME)";
				SWIFT_VERSION = 3.0;
			};
			name = Debug;
		};
		88DCCAAF1E2F2A120011449F /* Release */ = {
			isa = XCBuildConfiguration;
			buildSettings = {
				ASSETCATALOG_COMPILER_APPICON_NAME = AppIcon;
				INFOPLIST_FILE = ScrollViewRyan/Info.plist;
				LD_RUNPATH_SEARCH_PATHS = "$(inherited) @executable_path/Frameworks";
				PRODUCT_BUNDLE_IDENTIFIER = com.Dycode.ScrollViewRyan;
				PRODUCT_NAME = "$(TARGET_NAME)";
				SWIFT_VERSION = 3.0;
			};
			name = Release;
		};
		88DCCAB11E2F2A120011449F /* Debug */ = {
			isa = XCBuildConfiguration;
			buildSettings = {
				ALWAYS_EMBED_SWIFT_STANDARD_LIBRARIES = YES;
				BUNDLE_LOADER = "$(TEST_HOST)";
				INFOPLIST_FILE = ScrollViewRyanTests/Info.plist;
				LD_RUNPATH_SEARCH_PATHS = "$(inherited) @executable_path/Frameworks @loader_path/Frameworks";
				PRODUCT_BUNDLE_IDENTIFIER = com.Dycode.ScrollViewRyanTests;
				PRODUCT_NAME = "$(TARGET_NAME)";
				SWIFT_VERSION = 3.0;
				TEST_HOST = "$(BUILT_PRODUCTS_DIR)/ScrollViewRyan.app/ScrollViewRyan";
			};
			name = Debug;
		};
		88DCCAB21E2F2A120011449F /* Release */ = {
			isa = XCBuildConfiguration;
			buildSettings = {
				ALWAYS_EMBED_SWIFT_STANDARD_LIBRARIES = YES;
				BUNDLE_LOADER = "$(TEST_HOST)";
				INFOPLIST_FILE = ScrollViewRyanTests/Info.plist;
				LD_RUNPATH_SEARCH_PATHS = "$(inherited) @executable_path/Frameworks @loader_path/Frameworks";
				PRODUCT_BUNDLE_IDENTIFIER = com.Dycode.ScrollViewRyanTests;
				PRODUCT_NAME = "$(TARGET_NAME)";
				SWIFT_VERSION = 3.0;
				TEST_HOST = "$(BUILT_PRODUCTS_DIR)/ScrollViewRyan.app/ScrollViewRyan";
			};
			name = Release;
		};
		88DCCAB41E2F2A120011449F /* Debug */ = {
			isa = XCBuildConfiguration;
			buildSettings = {
				ALWAYS_EMBED_SWIFT_STANDARD_LIBRARIES = YES;
				INFOPLIST_FILE = ScrollViewRyanUITests/Info.plist;
				LD_RUNPATH_SEARCH_PATHS = "$(inherited) @executable_path/Frameworks @loader_path/Frameworks";
				PRODUCT_BUNDLE_IDENTIFIER = com.Dycode.ScrollViewRyanUITests;
				PRODUCT_NAME = "$(TARGET_NAME)";
				SWIFT_VERSION = 3.0;
				TEST_TARGET_NAME = ScrollViewRyan;
			};
			name = Debug;
		};
		88DCCAB51E2F2A120011449F /* Release */ = {
			isa = XCBuildConfiguration;
			buildSettings = {
				ALWAYS_EMBED_SWIFT_STANDARD_LIBRARIES = YES;
				INFOPLIST_FILE = ScrollViewRyanUITests/Info.plist;
				LD_RUNPATH_SEARCH_PATHS = "$(inherited) @executable_path/Frameworks @loader_path/Frameworks";
				PRODUCT_BUNDLE_IDENTIFIER = com.Dycode.ScrollViewRyanUITests;
				PRODUCT_NAME = "$(TARGET_NAME)";
				SWIFT_VERSION = 3.0;
				TEST_TARGET_NAME = ScrollViewRyan;
			};
			name = Release;
		};
/* End XCBuildConfiguration section */

/* Begin XCConfigurationList section */
		88DCCA801E2F2A110011449F /* Build configuration list for PBXProject "ScrollViewRyan" */ = {
			isa = XCConfigurationList;
			buildConfigurations = (
				88DCCAAB1E2F2A120011449F /* Debug */,
				88DCCAAC1E2F2A120011449F /* Release */,
			);
			defaultConfigurationIsVisible = 0;
			defaultConfigurationName = Release;
		};
		88DCCAAD1E2F2A120011449F /* Build configuration list for PBXNativeTarget "ScrollViewRyan" */ = {
			isa = XCConfigurationList;
			buildConfigurations = (
				88DCCAAE1E2F2A120011449F /* Debug */,
				88DCCAAF1E2F2A120011449F /* Release */,
			);
			defaultConfigurationIsVisible = 0;
		};
		88DCCAB01E2F2A120011449F /* Build configuration list for PBXNativeTarget "ScrollViewRyanTests" */ = {
			isa = XCConfigurationList;
			buildConfigurations = (
				88DCCAB11E2F2A120011449F /* Debug */,
				88DCCAB21E2F2A120011449F /* Release */,
			);
			defaultConfigurationIsVisible = 0;
		};
		88DCCAB31E2F2A120011449F /* Build configuration list for PBXNativeTarget "ScrollViewRyanUITests" */ = {
			isa = XCConfigurationList;
			buildConfigurations = (
				88DCCAB41E2F2A120011449F /* Debug */,
				88DCCAB51E2F2A120011449F /* Release */,
			);
			defaultConfigurationIsVisible = 0;
		};
/* End XCConfigurationList section */
	};
	rootObject = 88DCCA7D1E2F2A110011449F /* Project object */;
}
